{
	"name": "my-component",
	"version": "0.0.0",
	"lockfileVersion": 1,
	"requires": true,
	"dependencies": {
		"@tsconfig/svelte": {
			"version": "1.0.10",
			"resolved": "https://registry.npmjs.org/@tsconfig/svelte/-/svelte-1.0.10.tgz",
			"integrity": "sha512-EBrpH2iXXfaf/9z81koiDYkp2mlwW2XzFcAqn6qh7VKyP8zBvHHAQzNhY+W9vH5arAjmGAm5g8ElWq6YmXm3ig==",
			"dev": true
		}
	}
}
